{
  "name": "typescript-for-max",
  "version": "1.0.0",
  "lockfileVersion": 3,
  "requires": true,
  "packages": {
    "": {
      "name": "typescript-for-max",
      "version": "1.0.0",
      "license": "MIT",
      "devDependencies": {
        "@types/maxmsp": "^1.0.12"
      }
    },
    "node_modules/@types/maxmsp": {
      "version": "1.0.12",
      "resolved": "https://registry.npmjs.org/@types/maxmsp/-/maxmsp-1.0.12.tgz",
      "integrity": "sha512-KU6rJkMIujhCKAXMhaxwZ7KNf8nRRipNZZhl5Rra+/tfI1sCnUJ6mFH2ROnLKKtiEm22H0Ui2N4YgHPcpXx7Mw==",
      "dev": true,
      "license": "MIT"
    }
  }
}
