{
  "name": "typescript-for-max",
  "version": "1.0.0",
  "lockfileVersion": 3,
  "requires": true,
  "packages": {
    "": {
      "name": "typescript-for-max",
      "version": "1.0.0",
      "license": "MIT",
      "devDependencies": {
        "@types/maxmsp": "^1.0.0"
      }
    },
    "node_modules/@types/maxmsp": {
      "version": "1.0.0",
      "resolved": "https://registry.npmjs.org/@types/maxmsp/-/maxmsp-1.0.0.tgz",
      "integrity": "sha512-lgx/OBC7M8LBIYxGlak/zqvsVnqBLW3xlxEZC0CCZmYdPpB14Cl1zUIJ0FD5N2jY8ICN6fhU2jnIVtOKeWPB6g==",
      "dev": true
    }
  }
}
